
Microsoft Visual Studio Solution File, Format Version 12.00
# Visual Studio Version 16
VisualStudioVersion = 25.0.1703.8
MinimumVisualStudioVersion = 10.0.40219.1
Project("{2150E333-8FDC-42A3-9474-1A3956D46DE8}") = "Services", "Services", "{9400F1BF-F9EF-447D-9ECC-82CE7BA18AF8}"
EndProject
Project("{2150E333-8FDC-42A3-9474-1A3956D46DE8}") = "Catalog", "Catalog", "{1455D87D-2BB2-4442-87A4-FF09F628809F}"
EndProject
Project("{FAE04EC0-301F-11D3-BF4B-00C04F79EFBC}") = "Catalog.API", "src\Services\Catalog\Catalog.API\Catalog.API.csproj", "{0B17DCB2-13DF-4D44-BA5B-C202D04E90A3}"
EndProject
Project("{E53339B2-1760-4266-BCC7-CA923CBCF16C}") = "docker-compose", "docker-compose.dcproj", "{55C087DD-5A91-49C2-BB72-E29F5481757F}"
EndProject
Project("{2150E333-8FDC-42A3-9474-1A3956D46DE8}") = "Basket", "Basket", "{2938ADD9-7D52-4804-94BF-745DEA1344B9}"
EndProject
Project("{FAE04EC0-301F-11D3-BF4B-00C04F79EFBC}") = "Basket.API", "src\Services\Basket\Basket.API\Basket.API.csproj", "{E5597706-939C-4974-9680-C039BE41039D}"
EndProject
Project("{2150E333-8FDC-42A3-9474-1A3956D46DE8}") = "Discount", "Discount", "{3157B4C1-9C18-40BE-9C12-93339DC10B86}"
EndProject
Project("{FAE04EC0-301F-11D3-BF4B-00C04F79EFBC}") = "Discount.API", "src\Services\Discount.API\Discount.API.csproj", "{3622B732-FC12-4F4C-9A0B-522757D472FF}"
EndProject
Project("{FAE04EC0-301F-11D3-BF4B-00C04F79EFBC}") = "Discount.Grpc", "src\Services\Discount\Discount.Grpc\Discount.Grpc.csproj", "{5991941B-D4BC-4880-99C2-38F373B286D8}"
EndProject
Project("{2150E333-8FDC-42A3-9474-1A3956D46DE8}") = "Ordering", "Ordering", "{CFE75992-768C-4821-A2EA-A259F7A8A7B3}"
EndProject
Project("{FAE04EC0-301F-11D3-BF4B-00C04F79EFBC}") = "Ordering.API", "src\Services\Ordering\Ordering.API\Ordering.API.csproj", "{7C71EDAE-34E5-406D-AE34-EE17111FAAE1}"
EndProject
Project("{FAE04EC0-301F-11D3-BF4B-00C04F79EFBC}") = "Ordering.Domain", "src\Services\Ordering\Ordering.Domain\Ordering.Domain.csproj", "{0C386E9F-AAC6-4097-95E4-5D6D8886CEE5}"
EndProject
Project("{FAE04EC0-301F-11D3-BF4B-00C04F79EFBC}") = "Ordering.Application", "src\Services\Ordering\Ordering.Application\Ordering.Application.csproj", "{8D50B654-8587-44BC-9E22-016F2C8CB10D}"
EndProject
Project("{FAE04EC0-301F-11D3-BF4B-00C04F79EFBC}") = "Ordering.Infrastructure", "src\Services\Ordering\Ordering.Infrastructure\Ordering.Infrastructure.csproj", "{CCB25EE0-AB46-412E-B209-BC902066171E}"
EndProject
Global
	GlobalSection(SolutionConfigurationPlatforms) = preSolution
		Debug|Any CPU = Debug|Any CPU
		Release|Any CPU = Release|Any CPU
	EndGlobalSection
	GlobalSection(ProjectConfigurationPlatforms) = postSolution
		{0B17DCB2-13DF-4D44-BA5B-C202D04E90A3}.Debug|Any CPU.ActiveCfg = Debug|Any CPU
		{0B17DCB2-13DF-4D44-BA5B-C202D04E90A3}.Debug|Any CPU.Build.0 = Debug|Any CPU
		{0B17DCB2-13DF-4D44-BA5B-C202D04E90A3}.Release|Any CPU.ActiveCfg = Release|Any CPU
		{0B17DCB2-13DF-4D44-BA5B-C202D04E90A3}.Release|Any CPU.Build.0 = Release|Any CPU
		{55C087DD-5A91-49C2-BB72-E29F5481757F}.Debug|Any CPU.ActiveCfg = Debug|Any CPU
		{55C087DD-5A91-49C2-BB72-E29F5481757F}.Debug|Any CPU.Build.0 = Debug|Any CPU
		{55C087DD-5A91-49C2-BB72-E29F5481757F}.Release|Any CPU.ActiveCfg = Release|Any CPU
		{55C087DD-5A91-49C2-BB72-E29F5481757F}.Release|Any CPU.Build.0 = Release|Any CPU
		{E5597706-939C-4974-9680-C039BE41039D}.Debug|Any CPU.ActiveCfg = Debug|Any CPU
		{E5597706-939C-4974-9680-C039BE41039D}.Debug|Any CPU.Build.0 = Debug|Any CPU
		{E5597706-939C-4974-9680-C039BE41039D}.Release|Any CPU.ActiveCfg = Release|Any CPU
		{E5597706-939C-4974-9680-C039BE41039D}.Release|Any CPU.Build.0 = Release|Any CPU
		{3622B732-FC12-4F4C-9A0B-522757D472FF}.Debug|Any CPU.ActiveCfg = Debug|Any CPU
		{3622B732-FC12-4F4C-9A0B-522757D472FF}.Debug|Any CPU.Build.0 = Debug|Any CPU
		{3622B732-FC12-4F4C-9A0B-522757D472FF}.Release|Any CPU.ActiveCfg = Release|Any CPU
		{3622B732-FC12-4F4C-9A0B-522757D472FF}.Release|Any CPU.Build.0 = Release|Any CPU
		{5991941B-D4BC-4880-99C2-38F373B286D8}.Debug|Any CPU.ActiveCfg = Debug|Any CPU
		{5991941B-D4BC-4880-99C2-38F373B286D8}.Debug|Any CPU.Build.0 = Debug|Any CPU
		{5991941B-D4BC-4880-99C2-38F373B286D8}.Release|Any CPU.ActiveCfg = Release|Any CPU
		{5991941B-D4BC-4880-99C2-38F373B286D8}.Release|Any CPU.Build.0 = Release|Any CPU
		{7C71EDAE-34E5-406D-AE34-EE17111FAAE1}.Debug|Any CPU.ActiveCfg = Debug|Any CPU
		{7C71EDAE-34E5-406D-AE34-EE17111FAAE1}.Debug|Any CPU.Build.0 = Debug|Any CPU
		{7C71EDAE-34E5-406D-AE34-EE17111FAAE1}.Release|Any CPU.ActiveCfg = Release|Any CPU
		{7C71EDAE-34E5-406D-AE34-EE17111FAAE1}.Release|Any CPU.Build.0 = Release|Any CPU
		{0C386E9F-AAC6-4097-95E4-5D6D8886CEE5}.Debug|Any CPU.ActiveCfg = Debug|Any CPU
		{0C386E9F-AAC6-4097-95E4-5D6D8886CEE5}.Debug|Any CPU.Build.0 = Debug|Any CPU
		{0C386E9F-AAC6-4097-95E4-5D6D8886CEE5}.Release|Any CPU.ActiveCfg = Release|Any CPU
		{0C386E9F-AAC6-4097-95E4-5D6D8886CEE5}.Release|Any CPU.Build.0 = Release|Any CPU
		{8D50B654-8587-44BC-9E22-016F2C8CB10D}.Debug|Any CPU.ActiveCfg = Debug|Any CPU
		{8D50B654-8587-44BC-9E22-016F2C8CB10D}.Debug|Any CPU.Build.0 = Debug|Any CPU
		{8D50B654-8587-44BC-9E22-016F2C8CB10D}.Release|Any CPU.ActiveCfg = Release|Any CPU
		{8D50B654-8587-44BC-9E22-016F2C8CB10D}.Release|Any CPU.Build.0 = Release|Any CPU
		{CCB25EE0-AB46-412E-B209-BC902066171E}.Debug|Any CPU.ActiveCfg = Debug|Any CPU
		{CCB25EE0-AB46-412E-B209-BC902066171E}.Debug|Any CPU.Build.0 = Debug|Any CPU
		{CCB25EE0-AB46-412E-B209-BC902066171E}.Release|Any CPU.ActiveCfg = Release|Any CPU
		{CCB25EE0-AB46-412E-B209-BC902066171E}.Release|Any CPU.Build.0 = Release|Any CPU
	EndGlobalSection
	GlobalSection(SolutionProperties) = preSolution
		HideSolutionNode = FALSE
	EndGlobalSection
	GlobalSection(ExtensibilityGlobals) = postSolution
		SolutionGuid = {0562C58B-E782-4889-A798-12BA8A6EAC21}
	EndGlobalSection
	GlobalSection(NestedProjects) = preSolution
		{1455D87D-2BB2-4442-87A4-FF09F628809F} = {9400F1BF-F9EF-447D-9ECC-82CE7BA18AF8}
		{0B17DCB2-13DF-4D44-BA5B-C202D04E90A3} = {1455D87D-2BB2-4442-87A4-FF09F628809F}
		{2938ADD9-7D52-4804-94BF-745DEA1344B9} = {9400F1BF-F9EF-447D-9ECC-82CE7BA18AF8}
		{E5597706-939C-4974-9680-C039BE41039D} = {2938ADD9-7D52-4804-94BF-745DEA1344B9}
		{3157B4C1-9C18-40BE-9C12-93339DC10B86} = {9400F1BF-F9EF-447D-9ECC-82CE7BA18AF8}
		{3622B732-FC12-4F4C-9A0B-522757D472FF} = {3157B4C1-9C18-40BE-9C12-93339DC10B86}
		{5991941B-D4BC-4880-99C2-38F373B286D8} = {3157B4C1-9C18-40BE-9C12-93339DC10B86}
		{CFE75992-768C-4821-A2EA-A259F7A8A7B3} = {9400F1BF-F9EF-447D-9ECC-82CE7BA18AF8}
		{7C71EDAE-34E5-406D-AE34-EE17111FAAE1} = {CFE75992-768C-4821-A2EA-A259F7A8A7B3}
		{0C386E9F-AAC6-4097-95E4-5D6D8886CEE5} = {CFE75992-768C-4821-A2EA-A259F7A8A7B3}
		{8D50B654-8587-44BC-9E22-016F2C8CB10D} = {CFE75992-768C-4821-A2EA-A259F7A8A7B3}
		{CCB25EE0-AB46-412E-B209-BC902066171E} = {CFE75992-768C-4821-A2EA-A259F7A8A7B3}
	EndGlobalSection
EndGlobal
